# This file is autogenerated, do not edit; changes may be undone by the next 'dep ensure'.


[[projects]]
  branch = "master"
  name = "github.com/mavricknz/asn1-ber"
  packages = ["."]
  revision = "b9df1c2f4213e9acfe05cbd20696ac5fc0d5c70e"

[[projects]]
  branch = "master"
  name = "github.com/mavricknz/ldap"
  packages = ["."]
  revision = "f5a958005e43f515b70d9b1a61d9c842ecd507a6"

[[projects]]
  name = "github.com/patrickmn/go-cache"
  packages = ["."]
  revision = "a3647f8e31d79543b2d0f0ae2fe5c379d72cedc0"
  version = "v2.1.0"

[[projects]]
  name = "gopkg.in/ini.v1"
  packages = ["."]
  revision = "9c8236e659b76e87bf02044d06fde8683008ff3e"
  version = "v1.39.0"

[solve-meta]
  analyzer-name = "dep"
  analyzer-version = 1
  inputs-digest = "750c42a417912458e08381207285dd39dc8dd6416e0a90a4081a4e22d4f4fef7"
  solver-name = "gps-cdcl"
  solver-version = 1
