# This file is autogenerated, do not edit; changes may be undone by the next 'dep ensure'.


[[projects]]
  name = "github.com/konsorten/go-windows-terminal-sequences"
  packages = ["."]
  revision = "5c8c8bd35d3832f5d134ae1e1e375b69a4d25242"
  version = "v1.0.1"

[[projects]]
  branch = "master"
  name = "github.com/mavricknz/asn1-ber"
  packages = ["."]
  revision = "b9df1c2f4213e9acfe05cbd20696ac5fc0d5c70e"

[[projects]]
  branch = "master"
  name = "github.com/mavricknz/ldap"
  packages = ["."]
  revision = "f5a958005e43f515b70d9b1a61d9c842ecd507a6"

[[projects]]
  name = "github.com/patrickmn/go-cache"
  packages = ["."]
  revision = "a3647f8e31d79543b2d0f0ae2fe5c379d72cedc0"
  version = "v2.1.0"

[[projects]]
  name = "github.com/sirupsen/logrus"
  packages = ["."]
  revision = "ad15b42461921f1fb3529b058c6786c6a45d5162"
  version = "v1.1.1"

[[projects]]
  branch = "master"
  name = "golang.org/x/crypto"
  packages = ["ssh/terminal"]
  revision = "e84da0312774c21d64ee2317962ef669b27ffb41"

[[projects]]
  branch = "master"
  name = "golang.org/x/sys"
  packages = [
    "unix",
    "windows"
  ]
  revision = "731415f00dce967a133e841b3079eda31c996761"

[[projects]]
  name = "gopkg.in/ini.v1"
  packages = ["."]
  revision = "9c8236e659b76e87bf02044d06fde8683008ff3e"
  version = "v1.39.0"

[solve-meta]
  analyzer-name = "dep"
  analyzer-version = 1
  inputs-digest = "56a3404d6cc7d20560a590aff7346562e99b2f1982d0373f95b72bfc0c13efad"
  solver-name = "gps-cdcl"
  solver-version = 1
